// !$*UTF8*$!
{
	archiveVersion = 1;
	classes = {
	};
	objectVersion = 48;
	objects = {

/* Begin PBXBuildFile section */
		EE2C07E6232DEE2100A765D4 /* AppDelegate.swift in Sources */ = {isa = PBXBuildFile; fileRef = EE2C07E5232DEE2100A765D4 /* AppDelegate.swift */; };
		EE2C07E8232DEE2100A765D4 /* ViewController.swift in Sources */ = {isa = PBXBuildFile; fileRef = EE2C07E7232DEE2100A765D4 /* ViewController.swift */; };
		EE2C07EB232DEE2100A765D4 /* Main.storyboard in Resources */ = {isa = PBXBuildFile; fileRef = EE2C07E9232DEE2100A765D4 /* Main.storyboard */; };
		EE2C07ED232DEE2100A765D4 /* Assets.xcassets in Resources */ = {isa = PBXBuildFile; fileRef = EE2C07EC232DEE2100A765D4 /* Assets.xcassets */; };
		EE2C07F0232DEE2100A765D4 /* LaunchScreen.storyboard in Resources */ = {isa = PBXBuildFile; fileRef = EE2C07EE232DEE2100A765D4 /* LaunchScreen.storyboard */; };
		EE2C07FB232DEE2100A765D4 /* passwordHackerTests.swift in Sources */ = {isa = PBXBuildFile; fileRef = EE2C07FA232DEE2100A765D4 /* passwordHackerTests.swift */; };
		EE2C0806232DEE2100A765D4 /* passwordHackerUITests.swift in Sources */ = {isa = PBXBuildFile; fileRef = EE2C0805232DEE2100A765D4 /* passwordHackerUITests.swift */; };
/* End PBXBuildFile section */

/* Begin PBXContainerItemProxy section */
		EE2C07F7232DEE2100A765D4 /* PBXContainerItemProxy */ = {
			isa = PBXContainerItemProxy;
			containerPortal = EE2C07DA232DEE2100A765D4 /* Project object */;
			proxyType = 1;
			remoteGlobalIDString = EE2C07E1232DEE2100A765D4;
			remoteInfo = passwordHacker;
		};
		EE2C0802232DEE2100A765D4 /* PBXContainerItemProxy */ = {
			isa = PBXContainerItemProxy;
			containerPortal = EE2C07DA232DEE2100A765D4 /* Project object */;
			proxyType = 1;
			remoteGlobalIDString = EE2C07E1232DEE2100A765D4;
			remoteInfo = passwordHacker;
		};
/* End PBXContainerItemProxy section */

/* Begin PBXFileReference section */
		EE2C07E2232DEE2100A765D4 /* passwordHacker.app */ = {isa = PBXFileReference; explicitFileType = wrapper.application; includeInIndex = 0; path = passwordHacker.app; sourceTree = BUILT_PRODUCTS_DIR; };
		EE2C07E5232DEE2100A765D4 /* AppDelegate.swift */ = {isa = PBXFileReference; lastKnownFileType = sourcecode.swift; path = AppDelegate.swift; sourceTree = "<group>"; };
		EE2C07E7232DEE2100A765D4 /* ViewController.swift */ = {isa = PBXFileReference; lastKnownFileType = sourcecode.swift; path = ViewController.swift; sourceTree = "<group>"; };
		EE2C07EA232DEE2100A765D4 /* Base */ = {isa = PBXFileReference; lastKnownFileType = file.storyboard; name = Base; path = Base.lproj/Main.storyboard; sourceTree = "<group>"; };
		EE2C07EC232DEE2100A765D4 /* Assets.xcassets */ = {isa = PBXFileReference; lastKnownFileType = folder.assetcatalog; path = Assets.xcassets; sourceTree = "<group>"; };
		EE2C07EF232DEE2100A765D4 /* Base */ = {isa = PBXFileReference; lastKnownFileType = file.storyboard; name = Base; path = Base.lproj/LaunchScreen.storyboard; sourceTree = "<group>"; };
		EE2C07F1232DEE2100A765D4 /* Info.plist */ = {isa = PBXFileReference; lastKnownFileType = text.plist.xml; path = Info.plist; sourceTree = "<group>"; };
		EE2C07F6232DEE2100A765D4 /* passwordHackerTests.xctest */ = {isa = PBXFileReference; explicitFileType = wrapper.cfbundle; includeInIndex = 0; path = passwordHackerTests.xctest; sourceTree = BUILT_PRODUCTS_DIR; };
		EE2C07FA232DEE2100A765D4 /* passwordHackerTests.swift */ = {isa = PBXFileReference; lastKnownFileType = sourcecode.swift; path = passwordHackerTests.swift; sourceTree = "<group>"; };
		EE2C07FC232DEE2100A765D4 /* Info.plist */ = {isa = PBXFileReference; lastKnownFileType = text.plist.xml; path = Info.plist; sourceTree = "<group>"; };
		EE2C0801232DEE2100A765D4 /* passwordHackerUITests.xctest */ = {isa = PBXFileReference; explicitFileType = wrapper.cfbundle; includeInIndex = 0; path = passwordHackerUITests.xctest; sourceTree = BUILT_PRODUCTS_DIR; };
		EE2C0805232DEE2100A765D4 /* passwordHackerUITests.swift */ = {isa = PBXFileReference; lastKnownFileType = sourcecode.swift; path = passwordHackerUITests.swift; sourceTree = "<group>"; };
		EE2C0807232DEE2100A765D4 /* Info.plist */ = {isa = PBXFileReference; lastKnownFileType = text.plist.xml; path = Info.plist; sourceTree = "<group>"; };
/* End PBXFileReference section */

/* Begin PBXFrameworksBuildPhase section */
		EE2C07DF232DEE2100A765D4 /* Frameworks */ = {
			isa = PBXFrameworksBuildPhase;
			buildActionMask = 2147483647;
			files = (
			);
			runOnlyForDeploymentPostprocessing = 0;
		};
		EE2C07F3232DEE2100A765D4 /* Frameworks */ = {
			isa = PBXFrameworksBuildPhase;
			buildActionMask = 2147483647;
			files = (
			);
			runOnlyForDeploymentPostprocessing = 0;
		};
		EE2C07FE232DEE2100A765D4 /* Frameworks */ = {
			isa = PBXFrameworksBuildPhase;
			buildActionMask = 2147483647;
			files = (
			);
			runOnlyForDeploymentPostprocessing = 0;
		};
/* End PBXFrameworksBuildPhase section */

/* Begin PBXGroup section */
		EE2C07D9232DEE2100A765D4 = {
			isa = PBXGroup;
			children = (
				EE2C07E4232DEE2100A765D4 /* passwordHacker */,
				EE2C07F9232DEE2100A765D4 /* passwordHackerTests */,
				EE2C0804232DEE2100A765D4 /* passwordHackerUITests */,
				EE2C07E3232DEE2100A765D4 /* Products */,
			);
			sourceTree = "<group>";
		};
		EE2C07E3232DEE2100A765D4 /* Products */ = {
			isa = PBXGroup;
			children = (
				EE2C07E2232DEE2100A765D4 /* passwordHacker.app */,
				EE2C07F6232DEE2100A765D4 /* passwordHackerTests.xctest */,
				EE2C0801232DEE2100A765D4 /* passwordHackerUITests.xctest */,
			);
			name = Products;
			sourceTree = "<group>";
		};
		EE2C07E4232DEE2100A765D4 /* passwordHacker */ = {
			isa = PBXGroup;
			children = (
				EE2C07E5232DEE2100A765D4 /* AppDelegate.swift */,
				EE2C07E7232DEE2100A765D4 /* ViewController.swift */,
				EE2C07E9232DEE2100A765D4 /* Main.storyboard */,
				EE2C07EC232DEE2100A765D4 /* Assets.xcassets */,
				EE2C07EE232DEE2100A765D4 /* LaunchScreen.storyboard */,
				EE2C07F1232DEE2100A765D4 /* Info.plist */,
			);
			path = passwordHacker;
			sourceTree = "<group>";
		};
		EE2C07F9232DEE2100A765D4 /* passwordHackerTests */ = {
			isa = PBXGroup;
			children = (
				EE2C07FA232DEE2100A765D4 /* passwordHackerTests.swift */,
				EE2C07FC232DEE2100A765D4 /* Info.plist */,
			);
			path = passwordHackerTests;
			sourceTree = "<group>";
		};
		EE2C0804232DEE2100A765D4 /* passwordHackerUITests */ = {
			isa = PBXGroup;
			children = (
				EE2C0805232DEE2100A765D4 /* passwordHackerUITests.swift */,
				EE2C0807232DEE2100A765D4 /* Info.plist */,
			);
			path = passwordHackerUITests;
			sourceTree = "<group>";
		};
/* End PBXGroup section */

/* Begin PBXNativeTarget section */
		EE2C07E1232DEE2100A765D4 /* passwordHacker */ = {
			isa = PBXNativeTarget;
			buildConfigurationList = EE2C080A232DEE2100A765D4 /* Build configuration list for PBXNativeTarget "passwordHacker" */;
			buildPhases = (
				EE2C07DE232DEE2100A765D4 /* Sources */,
				EE2C07DF232DEE2100A765D4 /* Frameworks */,
				EE2C07E0232DEE2100A765D4 /* Resources */,
			);
			buildRules = (
			);
			dependencies = (
			);
			name = passwordHacker;
			productName = passwordHacker;
			productReference = EE2C07E2232DEE2100A765D4 /* passwordHacker.app */;
			productType = "com.apple.product-type.application";
		};
		EE2C07F5232DEE2100A765D4 /* passwordHackerTests */ = {
			isa = PBXNativeTarget;
			buildConfigurationList = EE2C080D232DEE2100A765D4 /* Build configuration list for PBXNativeTarget "passwordHackerTests" */;
			buildPhases = (
				EE2C07F2232DEE2100A765D4 /* Sources */,
				EE2C07F3232DEE2100A765D4 /* Frameworks */,
				EE2C07F4232DEE2100A765D4 /* Resources */,
			);
			buildRules = (
			);
			dependencies = (
				EE2C07F8232DEE2100A765D4 /* PBXTargetDependency */,
			);
			name = passwordHackerTests;
			productName = passwordHackerTests;
			productReference = EE2C07F6232DEE2100A765D4 /* passwordHackerTests.xctest */;
			productType = "com.apple.product-type.bundle.unit-test";
		};
		EE2C0800232DEE2100A765D4 /* passwordHackerUITests */ = {
			isa = PBXNativeTarget;
			buildConfigurationList = EE2C0810232DEE2100A765D4 /* Build configuration list for PBXNativeTarget "passwordHackerUITests" */;
			buildPhases = (
				EE2C07FD232DEE2100A765D4 /* Sources */,
				EE2C07FE232DEE2100A765D4 /* Frameworks */,
				EE2C07FF232DEE2100A765D4 /* Resources */,
			);
			buildRules = (
			);
			dependencies = (
				EE2C0803232DEE2100A765D4 /* PBXTargetDependency */,
			);
			name = passwordHackerUITests;
			productName = passwordHackerUITests;
			productReference = EE2C0801232DEE2100A765D4 /* passwordHackerUITests.xctest */;
			productType = "com.apple.product-type.bundle.ui-testing";
		};
/* End PBXNativeTarget section */

/* Begin PBXProject section */
		EE2C07DA232DEE2100A765D4 /* Project object */ = {
			isa = PBXProject;
			attributes = {
				LastSwiftUpdateCheck = 0920;
				LastUpgradeCheck = 0920;
				ORGANIZATIONNAME = "test company";
				TargetAttributes = {
					EE2C07E1232DEE2100A765D4 = {
						CreatedOnToolsVersion = 9.2;
						ProvisioningStyle = Automatic;
					};
					EE2C07F5232DEE2100A765D4 = {
						CreatedOnToolsVersion = 9.2;
						ProvisioningStyle = Automatic;
						TestTargetID = EE2C07E1232DEE2100A765D4;
					};
					EE2C0800232DEE2100A765D4 = {
						CreatedOnToolsVersion = 9.2;
						ProvisioningStyle = Automatic;
						TestTargetID = EE2C07E1232DEE2100A765D4;
					};
				};
			};
			buildConfigurationList = EE2C07DD232DEE2100A765D4 /* Build configuration list for PBXProject "passwordHacker" */;
			compatibilityVersion = "Xcode 8.0";
			developmentRegion = en;
			hasScannedForEncodings = 0;
			knownRegions = (
				en,
				Base,
			);
			mainGroup = EE2C07D9232DEE2100A765D4;
			productRefGroup = EE2C07E3232DEE2100A765D4 /* Products */;
			projectDirPath = "";
			projectRoot = "";
			targets = (
				EE2C07E1232DEE2100A765D4 /* passwordHacker */,
				EE2C07F5232DEE2100A765D4 /* passwordHackerTests */,
				EE2C0800232DEE2100A765D4 /* passwordHackerUITests */,
			);
		};
/* End PBXProject section */

/* Begin PBXResourcesBuildPhase section */
		EE2C07E0232DEE2100A765D4 /* Resources */ = {
			isa = PBXResourcesBuildPhase;
			buildActionMask = 2147483647;
			files = (
				EE2C07F0232DEE2100A765D4 /* LaunchScreen.storyboard in Resources */,
				EE2C07ED232DEE2100A765D4 /* Assets.xcassets in Resources */,
				EE2C07EB232DEE2100A765D4 /* Main.storyboard in Resources */,
			);
			runOnlyForDeploymentPostprocessing = 0;
		};
		EE2C07F4232DEE2100A765D4 /* Resources */ = {
			isa = PBXResourcesBuildPhase;
			buildActionMask = 2147483647;
			files = (
			);
			runOnlyForDeploymentPostprocessing = 0;
		};
		EE2C07FF232DEE2100A765D4 /* Resources */ = {
			isa = PBXResourcesBuildPhase;
			buildActionMask = 2147483647;
			files = (
			);
			runOnlyForDeploymentPostprocessing = 0;
		};
/* End PBXResourcesBuildPhase section */

/* Begin PBXSourcesBuildPhase section */
		EE2C07DE232DEE2100A765D4 /* Sources */ = {
			isa = PBXSourcesBuildPhase;
			buildActionMask = 2147483647;
			files = (
				EE2C07E8232DEE2100A765D4 /* ViewController.swift in Sources */,
				EE2C07E6232DEE2100A765D4 /* AppDelegate.swift in Sources */,
			);
			runOnlyForDeploymentPostprocessing = 0;
		};
		EE2C07F2232DEE2100A765D4 /* Sources */ = {
			isa = PBXSourcesBuildPhase;
			buildActionMask = 2147483647;
			files = (
				EE2C07FB232DEE2100A765D4 /* passwordHackerTests.swift in Sources */,
			);
			runOnlyForDeploymentPostprocessing = 0;
		};
		EE2C07FD232DEE2100A765D4 /* Sources */ = {
			isa = PBXSourcesBuildPhase;
			buildActionMask = 2147483647;
			files = (
				EE2C0806232DEE2100A765D4 /* passwordHackerUITests.swift in Sources */,
			);
			runOnlyForDeploymentPostprocessing = 0;
		};
/* End PBXSourcesBuildPhase section */

/* Begin PBXTargetDependency section */
		EE2C07F8232DEE2100A765D4 /* PBXTargetDependency */ = {
			isa = PBXTargetDependency;
			target = EE2C07E1232DEE2100A765D4 /* passwordHacker */;
			targetProxy = EE2C07F7232DEE2100A765D4 /* PBXContainerItemProxy */;
		};
		EE2C0803232DEE2100A765D4 /* PBXTargetDependency */ = {
			isa = PBXTargetDependency;
			target = EE2C07E1232DEE2100A765D4 /* passwordHacker */;
			targetProxy = EE2C0802232DEE2100A765D4 /* PBXContainerItemProxy */;
		};
/* End PBXTargetDependency section */

/* Begin PBXVariantGroup section */
		EE2C07E9232DEE2100A765D4 /* Main.storyboard */ = {
			isa = PBXVariantGroup;
			children = (
				EE2C07EA232DEE2100A765D4 /* Base */,
			);
			name = Main.storyboard;
			sourceTree = "<group>";
		};
		EE2C07EE232DEE2100A765D4 /* LaunchScreen.storyboard */ = {
			isa = PBXVariantGroup;
			children = (
				EE2C07EF232DEE2100A765D4 /* Base */,
			);
			name = LaunchScreen.storyboard;
			sourceTree = "<group>";
		};
/* End PBXVariantGroup section */

/* Begin XCBuildConfiguration section */
		EE2C0808232DEE2100A765D4 /* Debug */ = {
			isa = XCBuildConfiguration;
			buildSettings = {
				ALWAYS_SEARCH_USER_PATHS = NO;
				CLANG_ANALYZER_NONNULL = YES;
				CLANG_ANALYZER_NUMBER_OBJECT_CONVERSION = YES_AGGRESSIVE;
				CLANG_CXX_LANGUAGE_STANDARD = "gnu++14";
				CLANG_CXX_LIBRARY = "libc++";
				CLANG_ENABLE_MODULES = YES;
				CLANG_ENABLE_OBJC_ARC = YES;
				CLANG_WARN_BLOCK_CAPTURE_AUTORELEASING = YES;
				CLANG_WARN_BOOL_CONVERSION = YES;
				CLANG_WARN_COMMA = YES;
				CLANG_WARN_CONSTANT_CONVERSION = YES;
				CLANG_WARN_DIRECT_OBJC_ISA_USAGE = YES_ERROR;
				CLANG_WARN_DOCUMENTATION_COMMENTS = YES;
				CLANG_WARN_EMPTY_BODY = YES;
				CLANG_WARN_ENUM_CONVERSION = YES;
				CLANG_WARN_INFINITE_RECURSION = YES;
				CLANG_WARN_INT_CONVERSION = YES;
				CLANG_WARN_NON_LITERAL_NULL_CONVERSION = YES;
				CLANG_WARN_OBJC_LITERAL_CONVERSION = YES;
				CLANG_WARN_OBJC_ROOT_CLASS = YES_ERROR;
				CLANG_WARN_RANGE_LOOP_ANALYSIS = YES;
				CLANG_WARN_STRICT_PROTOTYPES = YES;
				CLANG_WARN_SUSPICIOUS_MOVE = YES;
				CLANG_WARN_UNGUARDED_AVAILABILITY = YES_AGGRESSIVE;
				CLANG_WARN_UNREACHABLE_CODE = YES;
				CLANG_WARN__DUPLICATE_METHOD_MATCH = YES;
				CODE_SIGN_IDENTITY = "iPhone Developer";
				COPY_PHASE_STRIP = NO;
				DEBUG_INFORMATION_FORMAT = dwarf;
				ENABLE_STRICT_OBJC_MSGSEND = YES;
				ENABLE_TESTABILITY = YES;
				GCC_C_LANGUAGE_STANDARD = gnu11;
				GCC_DYNAMIC_NO_PIC = NO;
				GCC_NO_COMMON_BLOCKS = YES;
				GCC_OPTIMIZATION_LEVEL = 0;
				GCC_PREPROCESSOR_DEFINITIONS = (
					"DEBUG=1",
					"$(inherited)",
				);
				GCC_WARN_64_TO_32_BIT_CONVERSION = YES;
				GCC_WARN_ABOUT_RETURN_TYPE = YES_ERROR;
				GCC_WARN_UNDECLARED_SELECTOR = YES;
				GCC_WARN_UNINITIALIZED_AUTOS = YES_AGGRESSIVE;
				GCC_WARN_UNUSED_FUNCTION = YES;
				GCC_WARN_UNUSED_VARIABLE = YES;
				IPHONEOS_DEPLOYMENT_TARGET = 11.2;
				MTL_ENABLE_DEBUG_INFO = YES;
				ONLY_ACTIVE_ARCH = YES;
				SDKROOT = iphoneos;
				SWIFT_ACTIVE_COMPILATION_CONDITIONS = DEBUG;
				SWIFT_OPTIMIZATION_LEVEL = "-Onone";
			};
			name = Debug;
		};
		EE2C0809232DEE2100A765D4 /* Release */ = {
			isa = XCBuildConfiguration;
			buildSettings = {
				ALWAYS_SEARCH_USER_PATHS = NO;
				CLANG_ANALYZER_NONNULL = YES;
				CLANG_ANALYZER_NUMBER_OBJECT_CONVERSION = YES_AGGRESSIVE;
				CLANG_CXX_LANGUAGE_STANDARD = "gnu++14";
				CLANG_CXX_LIBRARY = "libc++";
				CLANG_ENABLE_MODULES = YES;
				CLANG_ENABLE_OBJC_ARC = YES;
				CLANG_WARN_BLOCK_CAPTURE_AUTORELEASING = YES;
				CLANG_WARN_BOOL_CONVERSION = YES;
				CLANG_WARN_COMMA = YES;
				CLANG_WARN_CONSTANT_CONVERSION = YES;
				CLANG_WARN_DIRECT_OBJC_ISA_USAGE = YES_ERROR;
				CLANG_WARN_DOCUMENTATION_COMMENTS = YES;
				CLANG_WARN_EMPTY_BODY = YES;
				CLANG_WARN_ENUM_CONVERSION = YES;
				CLANG_WARN_INFINITE_RECURSION = YES;
				CLANG_WARN_INT_CONVERSION = YES;
				CLANG_WARN_NON_LITERAL_NULL_CONVERSION = YES;
				CLANG_WARN_OBJC_LITERAL_CONVERSION = YES;
				CLANG_WARN_OBJC_ROOT_CLASS = YES_ERROR;
				CLANG_WARN_RANGE_LOOP_ANALYSIS = YES;
				CLANG_WARN_STRICT_PROTOTYPES = YES;
				CLANG_WARN_SUSPICIOUS_MOVE = YES;
				CLANG_WARN_UNGUARDED_AVAILABILITY = YES_AGGRESSIVE;
				CLANG_WARN_UNREACHABLE_CODE = YES;
				CLANG_WARN__DUPLICATE_METHOD_MATCH = YES;
				CODE_SIGN_IDENTITY = "iPhone Developer";
				COPY_PHASE_STRIP = NO;
				DEBUG_INFORMATION_FORMAT = "dwarf-with-dsym";
				ENABLE_NS_ASSERTIONS = NO;
				ENABLE_STRICT_OBJC_MSGSEND = YES;
				GCC_C_LANGUAGE_STANDARD = gnu11;
				GCC_NO_COMMON_BLOCKS = YES;
				GCC_WARN_64_TO_32_BIT_CONVERSION = YES;
				GCC_WARN_ABOUT_RETURN_TYPE = YES_ERROR;
				GCC_WARN_UNDECLARED_SELECTOR = YES;
				GCC_WARN_UNINITIALIZED_AUTOS = YES_AGGRESSIVE;
				GCC_WARN_UNUSED_FUNCTION = YES;
				GCC_WARN_UNUSED_VARIABLE = YES;
				IPHONEOS_DEPLOYMENT_TARGET = 11.2;
				MTL_ENABLE_DEBUG_INFO = NO;
				SDKROOT = iphoneos;
				SWIFT_OPTIMIZATION_LEVEL = "-Owholemodule";
				VALIDATE_PRODUCT = YES;
			};
			name = Release;
		};
		EE2C080B232DEE2100A765D4 /* Debug */ = {
			isa = XCBuildConfiguration;
			buildSettings = {
				ASSETCATALOG_COMPILER_APPICON_NAME = AppIcon;
				CODE_SIGN_STYLE = Automatic;
				INFOPLIST_FILE = passwordHacker/Info.plist;
				LD_RUNPATH_SEARCH_PATHS = "$(inherited) @executable_path/Frameworks";
				PRODUCT_BUNDLE_IDENTIFIER = "com.test.company-com.test.company-com.test.company-com.test.company.passwordHacker";
				PRODUCT_NAME = "$(TARGET_NAME)";
				SWIFT_VERSION = 4.0;
				TARGETED_DEVICE_FAMILY = "1,2";
			};
			name = Debug;
		};
		EE2C080C232DEE2100A765D4 /* Release */ = {
			isa = XCBuildConfiguration;
			buildSettings = {
				ASSETCATALOG_COMPILER_APPICON_NAME = AppIcon;
				CODE_SIGN_STYLE = Automatic;
				INFOPLIST_FILE = passwordHacker/Info.plist;
				LD_RUNPATH_SEARCH_PATHS = "$(inherited) @executable_path/Frameworks";
				PRODUCT_BUNDLE_IDENTIFIER = "com.test.company-com.test.company-com.test.company-com.test.company.passwordHacker";
				PRODUCT_NAME = "$(TARGET_NAME)";
				SWIFT_VERSION = 4.0;
				TARGETED_DEVICE_FAMILY = "1,2";
			};
			name = Release;
		};
		EE2C080E232DEE2100A765D4 /* Debug */ = {
			isa = XCBuildConfiguration;
			buildSettings = {
				ALWAYS_EMBED_SWIFT_STANDARD_LIBRARIES = YES;
				BUNDLE_LOADER = "$(TEST_HOST)";
				CODE_SIGN_STYLE = Automatic;
				INFOPLIST_FILE = passwordHackerTests/Info.plist;
				LD_RUNPATH_SEARCH_PATHS = "$(inherited) @executable_path/Frameworks @loader_path/Frameworks";
				PRODUCT_BUNDLE_IDENTIFIER = "com.test.company-com.test.company-com.test.company-com.test.company.passwordHackerTests";
				PRODUCT_NAME = "$(TARGET_NAME)";
				SWIFT_VERSION = 4.0;
				TARGETED_DEVICE_FAMILY = "1,2";
				TEST_HOST = "$(BUILT_PRODUCTS_DIR)/passwordHacker.app/passwordHacker";
			};
			name = Debug;
		};
		EE2C080F232DEE2100A765D4 /* Release */ = {
			isa = XCBuildConfiguration;
			buildSettings = {
				ALWAYS_EMBED_SWIFT_STANDARD_LIBRARIES = YES;
				BUNDLE_LOADER = "$(TEST_HOST)";
				CODE_SIGN_STYLE = Automatic;
				INFOPLIST_FILE = passwordHackerTests/Info.plist;
				LD_RUNPATH_SEARCH_PATHS = "$(inherited) @executable_path/Frameworks @loader_path/Frameworks";
				PRODUCT_BUNDLE_IDENTIFIER = "com.test.company-com.test.company-com.test.company-com.test.company.passwordHackerTests";
				PRODUCT_NAME = "$(TARGET_NAME)";
				SWIFT_VERSION = 4.0;
				TARGETED_DEVICE_FAMILY = "1,2";
				TEST_HOST = "$(BUILT_PRODUCTS_DIR)/passwordHacker.app/passwordHacker";
			};
			name = Release;
		};
		EE2C0811232DEE2100A765D4 /* Debug */ = {
			isa = XCBuildConfiguration;
			buildSettings = {
				ALWAYS_EMBED_SWIFT_STANDARD_LIBRARIES = YES;
				CODE_SIGN_STYLE = Automatic;
				INFOPLIST_FILE = passwordHackerUITests/Info.plist;
				LD_RUNPATH_SEARCH_PATHS = "$(inherited) @executable_path/Frameworks @loader_path/Frameworks";
				PRODUCT_BUNDLE_IDENTIFIER = "com.test.company-com.test.company-com.test.company-com.test.company.passwordHackerUITests";
				PRODUCT_NAME = "$(TARGET_NAME)";
				SWIFT_VERSION = 4.0;
				TARGETED_DEVICE_FAMILY = "1,2";
				TEST_TARGET_NAME = passwordHacker;
			};
			name = Debug;
		};
		EE2C0812232DEE2100A765D4 /* Release */ = {
			isa = XCBuildConfiguration;
			buildSettings = {
				ALWAYS_EMBED_SWIFT_STANDARD_LIBRARIES = YES;
				CODE_SIGN_STYLE = Automatic;
				INFOPLIST_FILE = passwordHackerUITests/Info.plist;
				LD_RUNPATH_SEARCH_PATHS = "$(inherited) @executable_path/Frameworks @loader_path/Frameworks";
				PRODUCT_BUNDLE_IDENTIFIER = "com.test.company-com.test.company-com.test.company-com.test.company.passwordHackerUITests";
				PRODUCT_NAME = "$(TARGET_NAME)";
				SWIFT_VERSION = 4.0;
				TARGETED_DEVICE_FAMILY = "1,2";
				TEST_TARGET_NAME = passwordHacker;
			};
			name = Release;
		};
/* End XCBuildConfiguration section */

/* Begin XCConfigurationList section */
		EE2C07DD232DEE2100A765D4 /* Build configuration list for PBXProject "passwordHacker" */ = {
			isa = XCConfigurationList;
			buildConfigurations = (
				EE2C0808232DEE2100A765D4 /* Debug */,
				EE2C0809232DEE2100A765D4 /* Release */,
			);
			defaultConfigurationIsVisible = 0;
			defaultConfigurationName = Release;
		};
		EE2C080A232DEE2100A765D4 /* Build configuration list for PBXNativeTarget "passwordHacker" */ = {
			isa = XCConfigurationList;
			buildConfigurations = (
				EE2C080B232DEE2100A765D4 /* Debug */,
				EE2C080C232DEE2100A765D4 /* Release */,
			);
			defaultConfigurationIsVisible = 0;
			defaultConfigurationName = Release;
		};
		EE2C080D232DEE2100A765D4 /* Build configuration list for PBXNativeTarget "passwordHackerTests" */ = {
			isa = XCConfigurationList;
			buildConfigurations = (
				EE2C080E232DEE2100A765D4 /* Debug */,
				EE2C080F232DEE2100A765D4 /* Release */,
			);
			defaultConfigurationIsVisible = 0;
			defaultConfigurationName = Release;
		};
		EE2C0810232DEE2100A765D4 /* Build configuration list for PBXNativeTarget "passwordHackerUITests" */ = {
			isa = XCConfigurationList;
			buildConfigurations = (
				EE2C0811232DEE2100A765D4 /* Debug */,
				EE2C0812232DEE2100A765D4 /* Release */,
			);
			defaultConfigurationIsVisible = 0;
			defaultConfigurationName = Release;
		};
/* End XCConfigurationList section */
	};
	rootObject = EE2C07DA232DEE2100A765D4 /* Project object */;
}
